
Microsoft Visual Studio Solution File, Format Version 12.00
# Visual Studio 2013
VisualStudioVersion = 12.0.21005.1
MinimumVisualStudioVersion = 10.0.40219.1
Project("{FAE04EC0-301F-11D3-BF4B-00C04F79EFBC}") = "Banking.Application", "Banking.Application\Banking.Application.csproj", "{9CA795BD-B734-4603-9AC6-FEF7F16ED141}"
EndProject
Project("{FAE04EC0-301F-11D3-BF4B-00C04F79EFBC}") = "Banking.Domain", "Banking.Domain\Banking.Domain.csproj", "{B7A905D9-3120-4A81-91A5-8EA98299004F}"
EndProject
Project("{FAE04EC0-301F-11D3-BF4B-00C04F79EFBC}") = "Banking.Repository", "Banking.Repository\Banking.Repository.csproj", "{B58491D5-8710-4DB0-8A4C-2A54445CD4A5}"
EndProject
Project("{FAE04EC0-301F-11D3-BF4B-00C04F79EFBC}") = "Banking.WebApi", "Banking.WebApi\Banking.WebApi.csproj", "{394BABE9-5609-46E0-B021-5A480C52925A}"
EndProject
Global
	GlobalSection(SolutionConfigurationPlatforms) = preSolution
		Debug|Any CPU = Debug|Any CPU
		Release|Any CPU = Release|Any CPU
	EndGlobalSection
	GlobalSection(ProjectConfigurationPlatforms) = postSolution
		{9CA795BD-B734-4603-9AC6-FEF7F16ED141}.Debug|Any CPU.ActiveCfg = Debug|Any CPU
		{9CA795BD-B734-4603-9AC6-FEF7F16ED141}.Debug|Any CPU.Build.0 = Debug|Any CPU
		{9CA795BD-B734-4603-9AC6-FEF7F16ED141}.Release|Any CPU.ActiveCfg = Release|Any CPU
		{9CA795BD-B734-4603-9AC6-FEF7F16ED141}.Release|Any CPU.Build.0 = Release|Any CPU
		{B7A905D9-3120-4A81-91A5-8EA98299004F}.Debug|Any CPU.ActiveCfg = Debug|Any CPU
		{B7A905D9-3120-4A81-91A5-8EA98299004F}.Debug|Any CPU.Build.0 = Debug|Any CPU
		{B7A905D9-3120-4A81-91A5-8EA98299004F}.Release|Any CPU.ActiveCfg = Release|Any CPU
		{B7A905D9-3120-4A81-91A5-8EA98299004F}.Release|Any CPU.Build.0 = Release|Any CPU
		{B58491D5-8710-4DB0-8A4C-2A54445CD4A5}.Debug|Any CPU.ActiveCfg = Debug|Any CPU
		{B58491D5-8710-4DB0-8A4C-2A54445CD4A5}.Debug|Any CPU.Build.0 = Debug|Any CPU
		{B58491D5-8710-4DB0-8A4C-2A54445CD4A5}.Release|Any CPU.ActiveCfg = Release|Any CPU
		{B58491D5-8710-4DB0-8A4C-2A54445CD4A5}.Release|Any CPU.Build.0 = Release|Any CPU
		{394BABE9-5609-46E0-B021-5A480C52925A}.Debug|Any CPU.ActiveCfg = Debug|Any CPU
		{394BABE9-5609-46E0-B021-5A480C52925A}.Debug|Any CPU.Build.0 = Debug|Any CPU
		{394BABE9-5609-46E0-B021-5A480C52925A}.Release|Any CPU.ActiveCfg = Release|Any CPU
		{394BABE9-5609-46E0-B021-5A480C52925A}.Release|Any CPU.Build.0 = Release|Any CPU
	EndGlobalSection
	GlobalSection(SolutionProperties) = preSolution
		HideSolutionNode = FALSE
	EndGlobalSection
EndGlobal
